// !$*UTF8*$!
{
	archiveVersion = 1;
	classes = {
	};
	objectVersion = 56;
	objects = {

/* Begin PBXBuildFile section */
		AD5F89792A8D06A6000F9ABB /* AppDelegate.swift in Sources */ = {isa = PBXBuildFile; fileRef = AD5F89782A8D06A6000F9ABB /* AppDelegate.swift */; };
		AD5F897B2A8D06A6000F9ABB /* SceneDelegate.swift in Sources */ = {isa = PBXBuildFile; fileRef = AD5F897A2A8D06A6000F9ABB /* SceneDelegate.swift */; };
		AD5F897D2A8D06A6000F9ABB /* ViewController.swift in Sources */ = {isa = PBXBuildFile; fileRef = AD5F897C2A8D06A6000F9ABB /* ViewController.swift */; };
		AD5F89802A8D06A6000F9ABB /* Main.storyboard in Resources */ = {isa = PBXBuildFile; fileRef = AD5F897E2A8D06A6000F9ABB /* Main.storyboard */; };
		AD5F89832A8D06A6000F9ABB /* Youtube_app.xcdatamodeld in Sources */ = {isa = PBXBuildFile; fileRef = AD5F89812A8D06A6000F9ABB /* Youtube_app.xcdatamodeld */; };
		AD5F89852A8D06A8000F9ABB /* Assets.xcassets in Resources */ = {isa = PBXBuildFile; fileRef = AD5F89842A8D06A8000F9ABB /* Assets.xcassets */; };
		AD5F89882A8D06A8000F9ABB /* LaunchScreen.storyboard in Resources */ = {isa = PBXBuildFile; fileRef = AD5F89862A8D06A8000F9ABB /* LaunchScreen.storyboard */; };
/* End PBXBuildFile section */

/* Begin PBXFileReference section */
		AD5F89752A8D06A6000F9ABB /* Youtube-app.app */ = {isa = PBXFileReference; explicitFileType = wrapper.application; includeInIndex = 0; path = "Youtube-app.app"; sourceTree = BUILT_PRODUCTS_DIR; };
		AD5F89782A8D06A6000F9ABB /* AppDelegate.swift */ = {isa = PBXFileReference; lastKnownFileType = sourcecode.swift; path = AppDelegate.swift; sourceTree = "<group>"; };
		AD5F897A2A8D06A6000F9ABB /* SceneDelegate.swift */ = {isa = PBXFileReference; lastKnownFileType = sourcecode.swift; path = SceneDelegate.swift; sourceTree = "<group>"; };
		AD5F897C2A8D06A6000F9ABB /* ViewController.swift */ = {isa = PBXFileReference; lastKnownFileType = sourcecode.swift; path = ViewController.swift; sourceTree = "<group>"; };
		AD5F897F2A8D06A6000F9ABB /* Base */ = {isa = PBXFileReference; lastKnownFileType = file.storyboard; name = Base; path = Base.lproj/Main.storyboard; sourceTree = "<group>"; };
		AD5F89822A8D06A6000F9ABB /* Youtube_app.xcdatamodel */ = {isa = PBXFileReference; lastKnownFileType = wrapper.xcdatamodel; path = Youtube_app.xcdatamodel; sourceTree = "<group>"; };
		AD5F89842A8D06A8000F9ABB /* Assets.xcassets */ = {isa = PBXFileReference; lastKnownFileType = folder.assetcatalog; path = Assets.xcassets; sourceTree = "<group>"; };
		AD5F89872A8D06A8000F9ABB /* Base */ = {isa = PBXFileReference; lastKnownFileType = file.storyboard; name = Base; path = Base.lproj/LaunchScreen.storyboard; sourceTree = "<group>"; };
		AD5F89892A8D06A8000F9ABB /* Info.plist */ = {isa = PBXFileReference; lastKnownFileType = text.plist.xml; path = Info.plist; sourceTree = "<group>"; };
/* End PBXFileReference section */

/* Begin PBXFrameworksBuildPhase section */
		AD5F89722A8D06A6000F9ABB /* Frameworks */ = {
			isa = PBXFrameworksBuildPhase;
			buildActionMask = 2147483647;
			files = (
			);
			runOnlyForDeploymentPostprocessing = 0;
		};
/* End PBXFrameworksBuildPhase section */

/* Begin PBXGroup section */
		AD5F896C2A8D06A6000F9ABB = {
			isa = PBXGroup;
			children = (
				AD5F89772A8D06A6000F9ABB /* Youtube-app */,
				AD5F89762A8D06A6000F9ABB /* Products */,
			);
			sourceTree = "<group>";
		};
		AD5F89762A8D06A6000F9ABB /* Products */ = {
			isa = PBXGroup;
			children = (
				AD5F89752A8D06A6000F9ABB /* Youtube-app.app */,
			);
			name = Products;
			sourceTree = "<group>";
		};
		AD5F89772A8D06A6000F9ABB /* Youtube-app */ = {
			isa = PBXGroup;
			children = (
				AD5F89782A8D06A6000F9ABB /* AppDelegate.swift */,
				AD5F897A2A8D06A6000F9ABB /* SceneDelegate.swift */,
				AD5F897C2A8D06A6000F9ABB /* ViewController.swift */,
				AD5F897E2A8D06A6000F9ABB /* Main.storyboard */,
				AD5F89842A8D06A8000F9ABB /* Assets.xcassets */,
				AD5F89862A8D06A8000F9ABB /* LaunchScreen.storyboard */,
				AD5F89892A8D06A8000F9ABB /* Info.plist */,
				AD5F89812A8D06A6000F9ABB /* Youtube_app.xcdatamodeld */,
			);
			path = "Youtube-app";
			sourceTree = "<group>";
		};
/* End PBXGroup section */

/* Begin PBXNativeTarget section */
		AD5F89742A8D06A6000F9ABB /* Youtube-app */ = {
			isa = PBXNativeTarget;
			buildConfigurationList = AD5F898C2A8D06A8000F9ABB /* Build configuration list for PBXNativeTarget "Youtube-app" */;
			buildPhases = (
				AD5F89712A8D06A6000F9ABB /* Sources */,
				AD5F89722A8D06A6000F9ABB /* Frameworks */,
				AD5F89732A8D06A6000F9ABB /* Resources */,
			);
			buildRules = (
			);
			dependencies = (
			);
			name = "Youtube-app";
			productName = "Youtube-app";
			productReference = AD5F89752A8D06A6000F9ABB /* Youtube-app.app */;
			productType = "com.apple.product-type.application";
		};
/* End PBXNativeTarget section */

/* Begin PBXProject section */
		AD5F896D2A8D06A6000F9ABB /* Project object */ = {
			isa = PBXProject;
			attributes = {
				BuildIndependentTargetsInParallel = 1;
				LastSwiftUpdateCheck = 1430;
				LastUpgradeCheck = 1430;
				TargetAttributes = {
					AD5F89742A8D06A6000F9ABB = {
						CreatedOnToolsVersion = 14.3.1;
					};
				};
			};
			buildConfigurationList = AD5F89702A8D06A6000F9ABB /* Build configuration list for PBXProject "Youtube-app" */;
			compatibilityVersion = "Xcode 14.0";
			developmentRegion = en;
			hasScannedForEncodings = 0;
			knownRegions = (
				en,
				Base,
			);
			mainGroup = AD5F896C2A8D06A6000F9ABB;
			productRefGroup = AD5F89762A8D06A6000F9ABB /* Products */;
			projectDirPath = "";
			projectRoot = "";
			targets = (
				AD5F89742A8D06A6000F9ABB /* Youtube-app */,
			);
		};
/* End PBXProject section */

/* Begin PBXResourcesBuildPhase section */
		AD5F89732A8D06A6000F9ABB /* Resources */ = {
			isa = PBXResourcesBuildPhase;
			buildActionMask = 2147483647;
			files = (
				AD5F89882A8D06A8000F9ABB /* LaunchScreen.storyboard in Resources */,
				AD5F89852A8D06A8000F9ABB /* Assets.xcassets in Resources */,
				AD5F89802A8D06A6000F9ABB /* Main.storyboard in Resources */,
			);
			runOnlyForDeploymentPostprocessing = 0;
		};
/* End PBXResourcesBuildPhase section */

/* Begin PBXSourcesBuildPhase section */
		AD5F89712A8D06A6000F9ABB /* Sources */ = {
			isa = PBXSourcesBuildPhase;
			buildActionMask = 2147483647;
			files = (
				AD5F897D2A8D06A6000F9ABB /* ViewController.swift in Sources */,
				AD5F89832A8D06A6000F9ABB /* Youtube_app.xcdatamodeld in Sources */,
				AD5F89792A8D06A6000F9ABB /* AppDelegate.swift in Sources */,
				AD5F897B2A8D06A6000F9ABB /* SceneDelegate.swift in Sources */,
			);
			runOnlyForDeploymentPostprocessing = 0;
		};
/* End PBXSourcesBuildPhase section */

/* Begin PBXVariantGroup section */
		AD5F897E2A8D06A6000F9ABB /* Main.storyboard */ = {
			isa = PBXVariantGroup;
			children = (
				AD5F897F2A8D06A6000F9ABB /* Base */,
			);
			name = Main.storyboard;
			sourceTree = "<group>";
		};
		AD5F89862A8D06A8000F9ABB /* LaunchScreen.storyboard */ = {
			isa = PBXVariantGroup;
			children = (
				AD5F89872A8D06A8000F9ABB /* Base */,
			);
			name = LaunchScreen.storyboard;
			sourceTree = "<group>";
		};
/* End PBXVariantGroup section */

/* Begin XCBuildConfiguration section */
		AD5F898A2A8D06A8000F9ABB /* Debug */ = {
			isa = XCBuildConfiguration;
			buildSettings = {
				ALWAYS_SEARCH_USER_PATHS = NO;
				CLANG_ANALYZER_NONNULL = YES;
				CLANG_ANALYZER_NUMBER_OBJECT_CONVERSION = YES_AGGRESSIVE;
				CLANG_CXX_LANGUAGE_STANDARD = "gnu++20";
				CLANG_ENABLE_MODULES = YES;
				CLANG_ENABLE_OBJC_ARC = YES;
				CLANG_ENABLE_OBJC_WEAK = YES;
				CLANG_WARN_BLOCK_CAPTURE_AUTORELEASING = YES;
				CLANG_WARN_BOOL_CONVERSION = YES;
				CLANG_WARN_COMMA = YES;
				CLANG_WARN_CONSTANT_CONVERSION = YES;
				CLANG_WARN_DEPRECATED_OBJC_IMPLEMENTATIONS = YES;
				CLANG_WARN_DIRECT_OBJC_ISA_USAGE = YES_ERROR;
				CLANG_WARN_DOCUMENTATION_COMMENTS = YES;
				CLANG_WARN_EMPTY_BODY = YES;
				CLANG_WARN_ENUM_CONVERSION = YES;
				CLANG_WARN_INFINITE_RECURSION = YES;
				CLANG_WARN_INT_CONVERSION = YES;
				CLANG_WARN_NON_LITERAL_NULL_CONVERSION = YES;
				CLANG_WARN_OBJC_IMPLICIT_RETAIN_SELF = YES;
				CLANG_WARN_OBJC_LITERAL_CONVERSION = YES;
				CLANG_WARN_OBJC_ROOT_CLASS = YES_ERROR;
				CLANG_WARN_QUOTED_INCLUDE_IN_FRAMEWORK_HEADER = YES;
				CLANG_WARN_RANGE_LOOP_ANALYSIS = YES;
				CLANG_WARN_STRICT_PROTOTYPES = YES;
				CLANG_WARN_SUSPICIOUS_MOVE = YES;
				CLANG_WARN_UNGUARDED_AVAILABILITY = YES_AGGRESSIVE;
				CLANG_WARN_UNREACHABLE_CODE = YES;
				CLANG_WARN__DUPLICATE_METHOD_MATCH = YES;
				COPY_PHASE_STRIP = NO;
				DEBUG_INFORMATION_FORMAT = dwarf;
				ENABLE_STRICT_OBJC_MSGSEND = YES;
				ENABLE_TESTABILITY = YES;
				GCC_C_LANGUAGE_STANDARD = gnu11;
				GCC_DYNAMIC_NO_PIC = NO;
				GCC_NO_COMMON_BLOCKS = YES;
				GCC_OPTIMIZATION_LEVEL = 0;
				GCC_PREPROCESSOR_DEFINITIONS = (
					"DEBUG=1",
					"$(inherited)",
				);
				GCC_WARN_64_TO_32_BIT_CONVERSION = YES;
				GCC_WARN_ABOUT_RETURN_TYPE = YES_ERROR;
				GCC_WARN_UNDECLARED_SELECTOR = YES;
				GCC_WARN_UNINITIALIZED_AUTOS = YES_AGGRESSIVE;
				GCC_WARN_UNUSED_FUNCTION = YES;
				GCC_WARN_UNUSED_VARIABLE = YES;
				IPHONEOS_DEPLOYMENT_TARGET = 16.4;
				MTL_ENABLE_DEBUG_INFO = INCLUDE_SOURCE;
				MTL_FAST_MATH = YES;
				ONLY_ACTIVE_ARCH = YES;
				SDKROOT = iphoneos;
				SWIFT_ACTIVE_COMPILATION_CONDITIONS = DEBUG;
				SWIFT_OPTIMIZATION_LEVEL = "-Onone";
			};
			name = Debug;
		};
		AD5F898B2A8D06A8000F9ABB /* Release */ = {
			isa = XCBuildConfiguration;
			buildSettings = {
				ALWAYS_SEARCH_USER_PATHS = NO;
				CLANG_ANALYZER_NONNULL = YES;
				CLANG_ANALYZER_NUMBER_OBJECT_CONVERSION = YES_AGGRESSIVE;
				CLANG_CXX_LANGUAGE_STANDARD = "gnu++20";
				CLANG_ENABLE_MODULES = YES;
				CLANG_ENABLE_OBJC_ARC = YES;
				CLANG_ENABLE_OBJC_WEAK = YES;
				CLANG_WARN_BLOCK_CAPTURE_AUTORELEASING = YES;
				CLANG_WARN_BOOL_CONVERSION = YES;
				CLANG_WARN_COMMA = YES;
				CLANG_WARN_CONSTANT_CONVERSION = YES;
				CLANG_WARN_DEPRECATED_OBJC_IMPLEMENTATIONS = YES;
				CLANG_WARN_DIRECT_OBJC_ISA_USAGE = YES_ERROR;
				CLANG_WARN_DOCUMENTATION_COMMENTS = YES;
				CLANG_WARN_EMPTY_BODY = YES;
				CLANG_WARN_ENUM_CONVERSION = YES;
				CLANG_WARN_INFINITE_RECURSION = YES;
				CLANG_WARN_INT_CONVERSION = YES;
				CLANG_WARN_NON_LITERAL_NULL_CONVERSION = YES;
				CLANG_WARN_OBJC_IMPLICIT_RETAIN_SELF = YES;
				CLANG_WARN_OBJC_LITERAL_CONVERSION = YES;
				CLANG_WARN_OBJC_ROOT_CLASS = YES_ERROR;
				CLANG_WARN_QUOTED_INCLUDE_IN_FRAMEWORK_HEADER = YES;
				CLANG_WARN_RANGE_LOOP_ANALYSIS = YES;
				CLANG_WARN_STRICT_PROTOTYPES = YES;
				CLANG_WARN_SUSPICIOUS_MOVE = YES;
				CLANG_WARN_UNGUARDED_AVAILABILITY = YES_AGGRESSIVE;
				CLANG_WARN_UNREACHABLE_CODE = YES;
				CLANG_WARN__DUPLICATE_METHOD_MATCH = YES;
				COPY_PHASE_STRIP = NO;
				DEBUG_INFORMATION_FORMAT = "dwarf-with-dsym";
				ENABLE_NS_ASSERTIONS = NO;
				ENABLE_STRICT_OBJC_MSGSEND = YES;
				GCC_C_LANGUAGE_STANDARD = gnu11;
				GCC_NO_COMMON_BLOCKS = YES;
				GCC_WARN_64_TO_32_BIT_CONVERSION = YES;
				GCC_WARN_ABOUT_RETURN_TYPE = YES_ERROR;
				GCC_WARN_UNDECLARED_SELECTOR = YES;
				GCC_WARN_UNINITIALIZED_AUTOS = YES_AGGRESSIVE;
				GCC_WARN_UNUSED_FUNCTION = YES;
				GCC_WARN_UNUSED_VARIABLE = YES;
				IPHONEOS_DEPLOYMENT_TARGET = 16.4;
				MTL_ENABLE_DEBUG_INFO = NO;
				MTL_FAST_MATH = YES;
				SDKROOT = iphoneos;
				SWIFT_COMPILATION_MODE = wholemodule;
				SWIFT_OPTIMIZATION_LEVEL = "-O";
				VALIDATE_PRODUCT = YES;
			};
			name = Release;
		};
		AD5F898D2A8D06A8000F9ABB /* Debug */ = {
			isa = XCBuildConfiguration;
			buildSettings = {
				ASSETCATALOG_COMPILER_APPICON_NAME = AppIcon;
				ASSETCATALOG_COMPILER_GLOBAL_ACCENT_COLOR_NAME = AccentColor;
				CODE_SIGN_STYLE = Automatic;
				CURRENT_PROJECT_VERSION = 1;
				DEVELOPMENT_TEAM = ZTLC6J37RX;
				GENERATE_INFOPLIST_FILE = YES;
				INFOPLIST_FILE = "Youtube-app/Info.plist";
				INFOPLIST_KEY_UIApplicationSupportsIndirectInputEvents = YES;
				INFOPLIST_KEY_UILaunchStoryboardName = LaunchScreen;
				INFOPLIST_KEY_UIMainStoryboardFile = Main;
				INFOPLIST_KEY_UISupportedInterfaceOrientations_iPad = "UIInterfaceOrientationPortrait UIInterfaceOrientationPortraitUpsideDown UIInterfaceOrientationLandscapeLeft UIInterfaceOrientationLandscapeRight";
				INFOPLIST_KEY_UISupportedInterfaceOrientations_iPhone = "UIInterfaceOrientationPortrait UIInterfaceOrientationLandscapeLeft UIInterfaceOrientationLandscapeRight";
				LD_RUNPATH_SEARCH_PATHS = (
					"$(inherited)",
					"@executable_path/Frameworks",
				);
				MARKETING_VERSION = 1.0;
				PRODUCT_BUNDLE_IDENTIFIER = "com.JiaHua.Youtube-app";
				PRODUCT_NAME = "$(TARGET_NAME)";
				SWIFT_EMIT_LOC_STRINGS = YES;
				SWIFT_VERSION = 5.0;
				TARGETED_DEVICE_FAMILY = "1,2";
			};
			name = Debug;
		};
		AD5F898E2A8D06A8000F9ABB /* Release */ = {
			isa = XCBuildConfiguration;
			buildSettings = {
				ASSETCATALOG_COMPILER_APPICON_NAME = AppIcon;
				ASSETCATALOG_COMPILER_GLOBAL_ACCENT_COLOR_NAME = AccentColor;
				CODE_SIGN_STYLE = Automatic;
				CURRENT_PROJECT_VERSION = 1;
				DEVELOPMENT_TEAM = ZTLC6J37RX;
				GENERATE_INFOPLIST_FILE = YES;
				INFOPLIST_FILE = "Youtube-app/Info.plist";
				INFOPLIST_KEY_UIApplicationSupportsIndirectInputEvents = YES;
				INFOPLIST_KEY_UILaunchStoryboardName = LaunchScreen;
				INFOPLIST_KEY_UIMainStoryboardFile = Main;
				INFOPLIST_KEY_UISupportedInterfaceOrientations_iPad = "UIInterfaceOrientationPortrait UIInterfaceOrientationPortraitUpsideDown UIInterfaceOrientationLandscapeLeft UIInterfaceOrientationLandscapeRight";
				INFOPLIST_KEY_UISupportedInterfaceOrientations_iPhone = "UIInterfaceOrientationPortrait UIInterfaceOrientationLandscapeLeft UIInterfaceOrientationLandscapeRight";
				LD_RUNPATH_SEARCH_PATHS = (
					"$(inherited)",
					"@executable_path/Frameworks",
				);
				MARKETING_VERSION = 1.0;
				PRODUCT_BUNDLE_IDENTIFIER = "com.JiaHua.Youtube-app";
				PRODUCT_NAME = "$(TARGET_NAME)";
				SWIFT_EMIT_LOC_STRINGS = YES;
				SWIFT_VERSION = 5.0;
				TARGETED_DEVICE_FAMILY = "1,2";
			};
			name = Release;
		};
/* End XCBuildConfiguration section */

/* Begin XCConfigurationList section */
		AD5F89702A8D06A6000F9ABB /* Build configuration list for PBXProject "Youtube-app" */ = {
			isa = XCConfigurationList;
			buildConfigurations = (
				AD5F898A2A8D06A8000F9ABB /* Debug */,
				AD5F898B2A8D06A8000F9ABB /* Release */,
			);
			defaultConfigurationIsVisible = 0;
			defaultConfigurationName = Release;
		};
		AD5F898C2A8D06A8000F9ABB /* Build configuration list for PBXNativeTarget "Youtube-app" */ = {
			isa = XCConfigurationList;
			buildConfigurations = (
				AD5F898D2A8D06A8000F9ABB /* Debug */,
				AD5F898E2A8D06A8000F9ABB /* Release */,
			);
			defaultConfigurationIsVisible = 0;
			defaultConfigurationName = Release;
		};
/* End XCConfigurationList section */

/* Begin XCVersionGroup section */
		AD5F89812A8D06A6000F9ABB /* Youtube_app.xcdatamodeld */ = {
			isa = XCVersionGroup;
			children = (
				AD5F89822A8D06A6000F9ABB /* Youtube_app.xcdatamodel */,
			);
			currentVersion = AD5F89822A8D06A6000F9ABB /* Youtube_app.xcdatamodel */;
			path = Youtube_app.xcdatamodeld;
			sourceTree = "<group>";
			versionGroupType = wrapper.xcdatamodel;
		};
/* End XCVersionGroup section */
	};
	rootObject = AD5F896D2A8D06A6000F9ABB /* Project object */;
}
